// !$*UTF8*$!
{
	archiveVersion = 1;
	classes = {
	};
	objectVersion = 46;
	objects = {

/* Begin PBXBuildFile section */
		6697698999FAA4411FE4D5A1 /* Pods_TVShop.framework in Frameworks */ = {isa = PBXBuildFile; fileRef = E3AF676246CE887C195EFDC8 /* Pods_TVShop.framework */; };
		8423CB9A1BFDA3F900AB5E1E /* AppDelegate.swift in Sources */ = {isa = PBXBuildFile; fileRef = 8423CB991BFDA3F900AB5E1E /* AppDelegate.swift */; };
		8423CB9C1BFDA3F900AB5E1E /* ViewController.swift in Sources */ = {isa = PBXBuildFile; fileRef = 8423CB9B1BFDA3F900AB5E1E /* ViewController.swift */; };
		8423CB9F1BFDA3F900AB5E1E /* Main.storyboard in Resources */ = {isa = PBXBuildFile; fileRef = 8423CB9D1BFDA3F900AB5E1E /* Main.storyboard */; };
		8423CBA11BFDA3F900AB5E1E /* Assets.xcassets in Resources */ = {isa = PBXBuildFile; fileRef = 8423CBA01BFDA3F900AB5E1E /* Assets.xcassets */; };
		8423CBAA1BFDAC7A00AB5E1E /* IMG1.jpg in Resources */ = {isa = PBXBuildFile; fileRef = 8423CBA81BFDAC7A00AB5E1E /* IMG1.jpg */; };
		8423CBAB1BFDAC7A00AB5E1E /* IMG2.jpg in Resources */ = {isa = PBXBuildFile; fileRef = 8423CBA91BFDAC7A00AB5E1E /* IMG2.jpg */; };
		84AF4F1F1C54145B00617BFF /* AmazonData.swift in Sources */ = {isa = PBXBuildFile; fileRef = 84AF4F1E1C54145B00617BFF /* AmazonData.swift */; };
		84AF4F221C5416ED00617BFF /* HMACAlgorithm.swift in Sources */ = {isa = PBXBuildFile; fileRef = 84AF4F211C5416ED00617BFF /* HMACAlgorithm.swift */; };
		84AF4F241C541EDA00617BFF /* amazon_logo.jpg in Resources */ = {isa = PBXBuildFile; fileRef = 84AF4F231C541EDA00617BFF /* amazon_logo.jpg */; };
		84AF4F261C541FCC00617BFF /* AmazonViewController.swift in Sources */ = {isa = PBXBuildFile; fileRef = 84AF4F251C541FCC00617BFF /* AmazonViewController.swift */; };
		84AF4F281C54B4BF00617BFF /* WomenAmazonView.swift in Sources */ = {isa = PBXBuildFile; fileRef = 84AF4F271C54B4BF00617BFF /* WomenAmazonView.swift */; };
		84B6D7511C35C86F00ECFE0B /* WomenViewController.swift in Sources */ = {isa = PBXBuildFile; fileRef = 84B6D7501C35C86F00ECFE0B /* WomenViewController.swift */; };
		84B6D7531C35C8F300ECFE0B /* MenViewController.swift in Sources */ = {isa = PBXBuildFile; fileRef = 84B6D7521C35C8F300ECFE0B /* MenViewController.swift */; };
		84B6D7551C35CF6E00ECFE0B /* KidsViewController.swift in Sources */ = {isa = PBXBuildFile; fileRef = 84B6D7541C35CF6E00ECFE0B /* KidsViewController.swift */; };
		84B6D7591C35D55300ECFE0B /* Men.jpg in Resources */ = {isa = PBXBuildFile; fileRef = 84B6D7581C35D55300ECFE0B /* Men.jpg */; };
		84B6D75D1C3625DB00ECFE0B /* FocusView.swift in Sources */ = {isa = PBXBuildFile; fileRef = 84B6D75C1C3625DB00ECFE0B /* FocusView.swift */; };
		84B6D75F1C365C6D00ECFE0B /* Shoes.jpg in Resources */ = {isa = PBXBuildFile; fileRef = 84B6D75E1C365C6D00ECFE0B /* Shoes.jpg */; };
		84B6D7611C366BEB00ECFE0B /* Skirt.jpg in Resources */ = {isa = PBXBuildFile; fileRef = 84B6D7601C366BEB00ECFE0B /* Skirt.jpg */; };
		84B6D7631C38794C00ECFE0B /* CatalogCell.swift in Sources */ = {isa = PBXBuildFile; fileRef = 84B6D7621C38794C00ECFE0B /* CatalogCell.swift */; };
		84B6D7651C38A54B00ECFE0B /* Item.swift in Sources */ = {isa = PBXBuildFile; fileRef = 84B6D7641C38A54B00ECFE0B /* Item.swift */; };
		84B6D7711C39184E00ECFE0B /* men1.jpg in Resources */ = {isa = PBXBuildFile; fileRef = 84B6D7661C39184E00ECFE0B /* men1.jpg */; };
		84B6D7721C39184E00ECFE0B /* men2.jpg in Resources */ = {isa = PBXBuildFile; fileRef = 84B6D7671C39184E00ECFE0B /* men2.jpg */; };
		84B6D7731C39184E00ECFE0B /* men3.jpg in Resources */ = {isa = PBXBuildFile; fileRef = 84B6D7681C39184E00ECFE0B /* men3.jpg */; };
		84B6D7741C39184E00ECFE0B /* men4.jpg in Resources */ = {isa = PBXBuildFile; fileRef = 84B6D7691C39184E00ECFE0B /* men4.jpg */; };
		84B6D7751C39184E00ECFE0B /* men5.jpg in Resources */ = {isa = PBXBuildFile; fileRef = 84B6D76A1C39184E00ECFE0B /* men5.jpg */; };
		84B6D7761C39184E00ECFE0B /* men6.jpg in Resources */ = {isa = PBXBuildFile; fileRef = 84B6D76B1C39184E00ECFE0B /* men6.jpg */; };
		84B6D7771C39184E00ECFE0B /* men7.jpg in Resources */ = {isa = PBXBuildFile; fileRef = 84B6D76C1C39184E00ECFE0B /* men7.jpg */; };
		84B6D7781C39184E00ECFE0B /* men8.jpg in Resources */ = {isa = PBXBuildFile; fileRef = 84B6D76D1C39184E00ECFE0B /* men8.jpg */; };
		84B6D7791C39184E00ECFE0B /* men9.jpg in Resources */ = {isa = PBXBuildFile; fileRef = 84B6D76E1C39184E00ECFE0B /* men9.jpg */; };
		84B6D77B1C39184E00ECFE0B /* men11.jpg in Resources */ = {isa = PBXBuildFile; fileRef = 84B6D7701C39184E00ECFE0B /* men11.jpg */; };
		84B6D77D1C391A8C00ECFE0B /* men10.jpg in Resources */ = {isa = PBXBuildFile; fileRef = 84B6D77C1C391A8C00ECFE0B /* men10.jpg */; };
		84B6D7891C39B9D400ECFE0B /* kids1.jpg in Resources */ = {isa = PBXBuildFile; fileRef = 84B6D77E1C39B9D400ECFE0B /* kids1.jpg */; };
		84B6D78A1C39B9D400ECFE0B /* kids2.jpg in Resources */ = {isa = PBXBuildFile; fileRef = 84B6D77F1C39B9D400ECFE0B /* kids2.jpg */; };
		84B6D78B1C39B9D400ECFE0B /* kids3.jpg in Resources */ = {isa = PBXBuildFile; fileRef = 84B6D7801C39B9D400ECFE0B /* kids3.jpg */; };
		84B6D78C1C39B9D400ECFE0B /* kids4.jpg in Resources */ = {isa = PBXBuildFile; fileRef = 84B6D7811C39B9D400ECFE0B /* kids4.jpg */; };
		84B6D78D1C39B9D400ECFE0B /* kids5.jpg in Resources */ = {isa = PBXBuildFile; fileRef = 84B6D7821C39B9D400ECFE0B /* kids5.jpg */; };
		84B6D78E1C39B9D400ECFE0B /* kids6.jpg in Resources */ = {isa = PBXBuildFile; fileRef = 84B6D7831C39B9D400ECFE0B /* kids6.jpg */; };
		84B6D78F1C39B9D400ECFE0B /* kids7.jpg in Resources */ = {isa = PBXBuildFile; fileRef = 84B6D7841C39B9D400ECFE0B /* kids7.jpg */; };
		84B6D7901C39B9D400ECFE0B /* kids8.jpg in Resources */ = {isa = PBXBuildFile; fileRef = 84B6D7851C39B9D400ECFE0B /* kids8.jpg */; };
		84B6D7911C39B9D400ECFE0B /* kids9.jpg in Resources */ = {isa = PBXBuildFile; fileRef = 84B6D7861C39B9D400ECFE0B /* kids9.jpg */; };
		84B6D7921C39B9D400ECFE0B /* kids10.jpg in Resources */ = {isa = PBXBuildFile; fileRef = 84B6D7871C39B9D400ECFE0B /* kids10.jpg */; };
		84B6D7931C39B9D400ECFE0B /* kids11.jpg in Resources */ = {isa = PBXBuildFile; fileRef = 84B6D7881C39B9D400ECFE0B /* kids11.jpg */; };
		84B6D7951C39BC9000ECFE0B /* sale.jpg in Resources */ = {isa = PBXBuildFile; fileRef = 84B6D7941C39BC9000ECFE0B /* sale.jpg */; };
		84B6D7971C39C3B600ECFE0B /* CatalogDetailsView.swift in Sources */ = {isa = PBXBuildFile; fileRef = 84B6D7961C39C3B600ECFE0B /* CatalogDetailsView.swift */; };
		84B6D7A31C39E18E00ECFE0B /* toddler1.jpg in Resources */ = {isa = PBXBuildFile; fileRef = 84B6D7981C39E18E00ECFE0B /* toddler1.jpg */; };
		84B6D7A41C39E18E00ECFE0B /* toddler2.jpg in Resources */ = {isa = PBXBuildFile; fileRef = 84B6D7991C39E18E00ECFE0B /* toddler2.jpg */; };
		84B6D7A51C39E18E00ECFE0B /* toddler3.jpg in Resources */ = {isa = PBXBuildFile; fileRef = 84B6D79A1C39E18E00ECFE0B /* toddler3.jpg */; };
		84B6D7A61C39E18E00ECFE0B /* toddler4.jpg in Resources */ = {isa = PBXBuildFile; fileRef = 84B6D79B1C39E18E00ECFE0B /* toddler4.jpg */; };
		84B6D7A71C39E18E00ECFE0B /* toddler5.jpg in Resources */ = {isa = PBXBuildFile; fileRef = 84B6D79C1C39E18E00ECFE0B /* toddler5.jpg */; };
		84B6D7A81C39E18E00ECFE0B /* toddler6.jpg in Resources */ = {isa = PBXBuildFile; fileRef = 84B6D79D1C39E18E00ECFE0B /* toddler6.jpg */; };
		84B6D7A91C39E18E00ECFE0B /* toddler7.jpg in Resources */ = {isa = PBXBuildFile; fileRef = 84B6D79E1C39E18E00ECFE0B /* toddler7.jpg */; };
		84B6D7AA1C39E18E00ECFE0B /* toddler8.jpg in Resources */ = {isa = PBXBuildFile; fileRef = 84B6D79F1C39E18E00ECFE0B /* toddler8.jpg */; };
		84B6D7AB1C39E18E00ECFE0B /* toddler9.jpg in Resources */ = {isa = PBXBuildFile; fileRef = 84B6D7A01C39E18E00ECFE0B /* toddler9.jpg */; };
		84B6D7AC1C39E18E00ECFE0B /* toddler10.jpg in Resources */ = {isa = PBXBuildFile; fileRef = 84B6D7A11C39E18E00ECFE0B /* toddler10.jpg */; };
		84B6D7AD1C39E18E00ECFE0B /* toddler11.jpg in Resources */ = {isa = PBXBuildFile; fileRef = 84B6D7A21C39E18E00ECFE0B /* toddler11.jpg */; };
		84B6D7CF1C3A234F00ECFE0B /* Jacket1.jpg in Resources */ = {isa = PBXBuildFile; fileRef = 84B6D7C41C3A234F00ECFE0B /* Jacket1.jpg */; };
		84B6D7D01C3A234F00ECFE0B /* Jacket2.jpg in Resources */ = {isa = PBXBuildFile; fileRef = 84B6D7C51C3A234F00ECFE0B /* Jacket2.jpg */; };
		84B6D7D11C3A234F00ECFE0B /* Jacket3.jpg in Resources */ = {isa = PBXBuildFile; fileRef = 84B6D7C61C3A234F00ECFE0B /* Jacket3.jpg */; };
		84B6D7D21C3A234F00ECFE0B /* Jacket4.jpg in Resources */ = {isa = PBXBuildFile; fileRef = 84B6D7C71C3A234F00ECFE0B /* Jacket4.jpg */; };
		84B6D7D31C3A234F00ECFE0B /* Jacket5.jpg in Resources */ = {isa = PBXBuildFile; fileRef = 84B6D7C81C3A234F00ECFE0B /* Jacket5.jpg */; };
		84B6D7D41C3A234F00ECFE0B /* Jacket6.jpg in Resources */ = {isa = PBXBuildFile; fileRef = 84B6D7C91C3A234F00ECFE0B /* Jacket6.jpg */; };
		84B6D7D51C3A234F00ECFE0B /* Jacket7.jpg in Resources */ = {isa = PBXBuildFile; fileRef = 84B6D7CA1C3A234F00ECFE0B /* Jacket7.jpg */; };
		84B6D7D61C3A234F00ECFE0B /* Jacket8.jpg in Resources */ = {isa = PBXBuildFile; fileRef = 84B6D7CB1C3A234F00ECFE0B /* Jacket8.jpg */; };
		84B6D7D71C3A234F00ECFE0B /* Jacket9.jpg in Resources */ = {isa = PBXBuildFile; fileRef = 84B6D7CC1C3A234F00ECFE0B /* Jacket9.jpg */; };
		84B6D7D81C3A234F00ECFE0B /* Jacket10.jpg in Resources */ = {isa = PBXBuildFile; fileRef = 84B6D7CD1C3A234F00ECFE0B /* Jacket10.jpg */; };
		84B6D7D91C3A234F00ECFE0B /* Jacket11.jpg in Resources */ = {isa = PBXBuildFile; fileRef = 84B6D7CE1C3A234F00ECFE0B /* Jacket11.jpg */; };
		84B6D7DB1C3CD24100ECFE0B /* ItemDetailsView.swift in Sources */ = {isa = PBXBuildFile; fileRef = 84B6D7DA1C3CD24100ECFE0B /* ItemDetailsView.swift */; };
		84FF89591BFFDE7900FB70D8 /* dress0.jpg in Resources */ = {isa = PBXBuildFile; fileRef = 84FF89581BFFDE7900FB70D8 /* dress0.jpg */; };
		84FF895C1BFFDF9900FB70D8 /* dress1.jpg in Resources */ = {isa = PBXBuildFile; fileRef = 84FF895A1BFFDF9900FB70D8 /* dress1.jpg */; };
		84FF895D1BFFDF9900FB70D8 /* dress2.jpg in Resources */ = {isa = PBXBuildFile; fileRef = 84FF895B1BFFDF9900FB70D8 /* dress2.jpg */; };
		84FF897A1BFFDFB400FB70D8 /* dress3.jpg in Resources */ = {isa = PBXBuildFile; fileRef = 84FF895E1BFFDFB400FB70D8 /* dress3.jpg */; };
		84FF897B1BFFDFB400FB70D8 /* dress4.jpg in Resources */ = {isa = PBXBuildFile; fileRef = 84FF895F1BFFDFB400FB70D8 /* dress4.jpg */; };
		84FF897C1BFFDFB400FB70D8 /* dress5.jpg in Resources */ = {isa = PBXBuildFile; fileRef = 84FF89601BFFDFB400FB70D8 /* dress5.jpg */; };
		84FF897D1BFFDFB400FB70D8 /* dress6.jpg in Resources */ = {isa = PBXBuildFile; fileRef = 84FF89611BFFDFB400FB70D8 /* dress6.jpg */; };
		84FF897E1BFFDFB400FB70D8 /* dress7.jpg in Resources */ = {isa = PBXBuildFile; fileRef = 84FF89621BFFDFB400FB70D8 /* dress7.jpg */; };
		84FF897F1BFFDFB400FB70D8 /* dress8.jpg in Resources */ = {isa = PBXBuildFile; fileRef = 84FF89631BFFDFB400FB70D8 /* dress8.jpg */; };
		84FF89801BFFDFB400FB70D8 /* dress9.jpg in Resources */ = {isa = PBXBuildFile; fileRef = 84FF89641BFFDFB400FB70D8 /* dress9.jpg */; };
		84FF89811BFFDFB400FB70D8 /* dress10.jpg in Resources */ = {isa = PBXBuildFile; fileRef = 84FF89651BFFDFB400FB70D8 /* dress10.jpg */; };
		84FF89821BFFDFB400FB70D8 /* dress11.jpg in Resources */ = {isa = PBXBuildFile; fileRef = 84FF89661BFFDFB400FB70D8 /* dress11.jpg */; };
		84FF89831BFFDFB400FB70D8 /* dress12.jpg in Resources */ = {isa = PBXBuildFile; fileRef = 84FF89671BFFDFB400FB70D8 /* dress12.jpg */; };
		84FF89841BFFDFB400FB70D8 /* dress13.jpg in Resources */ = {isa = PBXBuildFile; fileRef = 84FF89681BFFDFB400FB70D8 /* dress13.jpg */; };
		84FF89851BFFDFB400FB70D8 /* dress14.jpg in Resources */ = {isa = PBXBuildFile; fileRef = 84FF89691BFFDFB400FB70D8 /* dress14.jpg */; };
		84FF89861BFFDFB400FB70D8 /* dress15.jpg in Resources */ = {isa = PBXBuildFile; fileRef = 84FF896A1BFFDFB400FB70D8 /* dress15.jpg */; };
		84FF89871BFFDFB400FB70D8 /* dress16.jpg in Resources */ = {isa = PBXBuildFile; fileRef = 84FF896B1BFFDFB400FB70D8 /* dress16.jpg */; };
		84FF89881BFFDFB400FB70D8 /* dress17.jpg in Resources */ = {isa = PBXBuildFile; fileRef = 84FF896C1BFFDFB400FB70D8 /* dress17.jpg */; };
		84FF89891BFFDFB400FB70D8 /* dress18.jpg in Resources */ = {isa = PBXBuildFile; fileRef = 84FF896D1BFFDFB400FB70D8 /* dress18.jpg */; };
		84FF898A1BFFDFB400FB70D8 /* dress19.jpg in Resources */ = {isa = PBXBuildFile; fileRef = 84FF896E1BFFDFB400FB70D8 /* dress19.jpg */; };
		84FF898B1BFFDFB400FB70D8 /* dress20.jpg in Resources */ = {isa = PBXBuildFile; fileRef = 84FF896F1BFFDFB400FB70D8 /* dress20.jpg */; };
		84FF898C1BFFDFB400FB70D8 /* dress21.jpg in Resources */ = {isa = PBXBuildFile; fileRef = 84FF89701BFFDFB400FB70D8 /* dress21.jpg */; };
		84FF898D1BFFDFB400FB70D8 /* dress22.jpg in Resources */ = {isa = PBXBuildFile; fileRef = 84FF89711BFFDFB400FB70D8 /* dress22.jpg */; };
		84FF898E1BFFDFB400FB70D8 /* dress23.jpg in Resources */ = {isa = PBXBuildFile; fileRef = 84FF89721BFFDFB400FB70D8 /* dress23.jpg */; };
		84FF898F1BFFDFB400FB70D8 /* dress24.jpg in Resources */ = {isa = PBXBuildFile; fileRef = 84FF89731BFFDFB400FB70D8 /* dress24.jpg */; };
		84FF89901BFFDFB400FB70D8 /* dress25.jpg in Resources */ = {isa = PBXBuildFile; fileRef = 84FF89741BFFDFB400FB70D8 /* dress25.jpg */; };
		84FF89911BFFDFB400FB70D8 /* dress26.jpg in Resources */ = {isa = PBXBuildFile; fileRef = 84FF89751BFFDFB400FB70D8 /* dress26.jpg */; };
		84FF89921BFFDFB400FB70D8 /* dress27.jpg in Resources */ = {isa = PBXBuildFile; fileRef = 84FF89761BFFDFB400FB70D8 /* dress27.jpg */; };
		84FF89931BFFDFB400FB70D8 /* dress28.jpg in Resources */ = {isa = PBXBuildFile; fileRef = 84FF89771BFFDFB400FB70D8 /* dress28.jpg */; };
		84FF89941BFFDFB400FB70D8 /* dress29.jpg in Resources */ = {isa = PBXBuildFile; fileRef = 84FF89781BFFDFB400FB70D8 /* dress29.jpg */; };
		84FF89951BFFDFB400FB70D8 /* dress30.jpg in Resources */ = {isa = PBXBuildFile; fileRef = 84FF89791BFFDFB400FB70D8 /* dress30.jpg */; };
		84FF89971BFFEADC00FB70D8 /* like.gif in Resources */ = {isa = PBXBuildFile; fileRef = 84FF89961BFFEADC00FB70D8 /* like.gif */; };
		84FF89991BFFED1300FB70D8 /* dislike.png in Resources */ = {isa = PBXBuildFile; fileRef = 84FF89981BFFED1300FB70D8 /* dislike.png */; };
/* End PBXBuildFile section */

/* Begin PBXFileReference section */
		756EBA0A25A2BB50600E02B4 /* Pods-TVShop.debug.xcconfig */ = {isa = PBXFileReference; includeInIndex = 1; lastKnownFileType = text.xcconfig; name = "Pods-TVShop.debug.xcconfig"; path = "Pods/Target Support Files/Pods-TVShop/Pods-TVShop.debug.xcconfig"; sourceTree = "<group>"; };
		8423CB961BFDA3F900AB5E1E /* TVShop.app */ = {isa = PBXFileReference; explicitFileType = wrapper.application; includeInIndex = 0; path = TVShop.app; sourceTree = BUILT_PRODUCTS_DIR; };
		8423CB991BFDA3F900AB5E1E /* AppDelegate.swift */ = {isa = PBXFileReference; lastKnownFileType = sourcecode.swift; path = AppDelegate.swift; sourceTree = "<group>"; };
		8423CB9B1BFDA3F900AB5E1E /* ViewController.swift */ = {isa = PBXFileReference; lastKnownFileType = sourcecode.swift; path = ViewController.swift; sourceTree = "<group>"; tabWidth = 3; };
		8423CB9E1BFDA3F900AB5E1E /* Base */ = {isa = PBXFileReference; lastKnownFileType = file.storyboard; name = Base; path = Base.lproj/Main.storyboard; sourceTree = "<group>"; };
		8423CBA01BFDA3F900AB5E1E /* Assets.xcassets */ = {isa = PBXFileReference; lastKnownFileType = folder.assetcatalog; path = Assets.xcassets; sourceTree = "<group>"; };
		8423CBA21BFDA3F900AB5E1E /* Info.plist */ = {isa = PBXFileReference; lastKnownFileType = text.plist.xml; path = Info.plist; sourceTree = "<group>"; };
		8423CBA81BFDAC7A00AB5E1E /* IMG1.jpg */ = {isa = PBXFileReference; lastKnownFileType = image.jpeg; path = IMG1.jpg; sourceTree = "<group>"; };
		8423CBA91BFDAC7A00AB5E1E /* IMG2.jpg */ = {isa = PBXFileReference; lastKnownFileType = image.jpeg; path = IMG2.jpg; sourceTree = "<group>"; };
		84AF4F1E1C54145B00617BFF /* AmazonData.swift */ = {isa = PBXFileReference; fileEncoding = 4; lastKnownFileType = sourcecode.swift; path = AmazonData.swift; sourceTree = "<group>"; };
		84AF4F201C54149D00617BFF /* Amazon-Bridging-Header.h */ = {isa = PBXFileReference; lastKnownFileType = sourcecode.c.h; path = "Amazon-Bridging-Header.h"; sourceTree = "<group>"; };
		84AF4F211C5416ED00617BFF /* HMACAlgorithm.swift */ = {isa = PBXFileReference; fileEncoding = 4; lastKnownFileType = sourcecode.swift; path = HMACAlgorithm.swift; sourceTree = "<group>"; };
		84AF4F231C541EDA00617BFF /* amazon_logo.jpg */ = {isa = PBXFileReference; lastKnownFileType = image.jpeg; path = amazon_logo.jpg; sourceTree = "<group>"; };
		84AF4F251C541FCC00617BFF /* AmazonViewController.swift */ = {isa = PBXFileReference; fileEncoding = 4; lastKnownFileType = sourcecode.swift; path = AmazonViewController.swift; sourceTree = "<group>"; };
		84AF4F271C54B4BF00617BFF /* WomenAmazonView.swift */ = {isa = PBXFileReference; fileEncoding = 4; lastKnownFileType = sourcecode.swift; path = WomenAmazonView.swift; sourceTree = "<group>"; };
		84B6D7501C35C86F00ECFE0B /* WomenViewController.swift */ = {isa = PBXFileReference; fileEncoding = 4; lastKnownFileType = sourcecode.swift; path = WomenViewController.swift; sourceTree = "<group>"; };
		84B6D7521C35C8F300ECFE0B /* MenViewController.swift */ = {isa = PBXFileReference; fileEncoding = 4; lastKnownFileType = sourcecode.swift; path = MenViewController.swift; sourceTree = "<group>"; };
		84B6D7541C35CF6E00ECFE0B /* KidsViewController.swift */ = {isa = PBXFileReference; fileEncoding = 4; lastKnownFileType = sourcecode.swift; path = KidsViewController.swift; sourceTree = "<group>"; };
		84B6D7581C35D55300ECFE0B /* Men.jpg */ = {isa = PBXFileReference; lastKnownFileType = image.jpeg; path = Men.jpg; sourceTree = "<group>"; };
		84B6D75C1C3625DB00ECFE0B /* FocusView.swift */ = {isa = PBXFileReference; fileEncoding = 4; lastKnownFileType = sourcecode.swift; path = FocusView.swift; sourceTree = "<group>"; };
		84B6D75E1C365C6D00ECFE0B /* Shoes.jpg */ = {isa = PBXFileReference; lastKnownFileType = image.jpeg; path = Shoes.jpg; sourceTree = "<group>"; };
		84B6D7601C366BEB00ECFE0B /* Skirt.jpg */ = {isa = PBXFileReference; lastKnownFileType = image.jpeg; path = Skirt.jpg; sourceTree = "<group>"; };
		84B6D7621C38794C00ECFE0B /* CatalogCell.swift */ = {isa = PBXFileReference; fileEncoding = 4; lastKnownFileType = sourcecode.swift; path = CatalogCell.swift; sourceTree = "<group>"; };
		84B6D7641C38A54B00ECFE0B /* Item.swift */ = {isa = PBXFileReference; fileEncoding = 4; lastKnownFileType = sourcecode.swift; path = Item.swift; sourceTree = "<group>"; };
		84B6D7661C39184E00ECFE0B /* men1.jpg */ = {isa = PBXFileReference; lastKnownFileType = image.jpeg; path = men1.jpg; sourceTree = "<group>"; };
		84B6D7671C39184E00ECFE0B /* men2.jpg */ = {isa = PBXFileReference; lastKnownFileType = image.jpeg; path = men2.jpg; sourceTree = "<group>"; };
		84B6D7681C39184E00ECFE0B /* men3.jpg */ = {isa = PBXFileReference; lastKnownFileType = image.jpeg; path = men3.jpg; sourceTree = "<group>"; };
		84B6D7691C39184E00ECFE0B /* men4.jpg */ = {isa = PBXFileReference; lastKnownFileType = image.jpeg; path = men4.jpg; sourceTree = "<group>"; };
		84B6D76A1C39184E00ECFE0B /* men5.jpg */ = {isa = PBXFileReference; lastKnownFileType = image.jpeg; path = men5.jpg; sourceTree = "<group>"; };
		84B6D76B1C39184E00ECFE0B /* men6.jpg */ = {isa = PBXFileReference; lastKnownFileType = image.jpeg; path = men6.jpg; sourceTree = "<group>"; };
		84B6D76C1C39184E00ECFE0B /* men7.jpg */ = {isa = PBXFileReference; lastKnownFileType = image.jpeg; path = men7.jpg; sourceTree = "<group>"; };
		84B6D76D1C39184E00ECFE0B /* men8.jpg */ = {isa = PBXFileReference; lastKnownFileType = image.jpeg; path = men8.jpg; sourceTree = "<group>"; };
		84B6D76E1C39184E00ECFE0B /* men9.jpg */ = {isa = PBXFileReference; lastKnownFileType = image.jpeg; path = men9.jpg; sourceTree = "<group>"; };
		84B6D7701C39184E00ECFE0B /* men11.jpg */ = {isa = PBXFileReference; lastKnownFileType = image.jpeg; path = men11.jpg; sourceTree = "<group>"; };
		84B6D77C1C391A8C00ECFE0B /* men10.jpg */ = {isa = PBXFileReference; lastKnownFileType = image.jpeg; path = men10.jpg; sourceTree = "<group>"; };
		84B6D77E1C39B9D400ECFE0B /* kids1.jpg */ = {isa = PBXFileReference; lastKnownFileType = image.jpeg; path = kids1.jpg; sourceTree = "<group>"; };
		84B6D77F1C39B9D400ECFE0B /* kids2.jpg */ = {isa = PBXFileReference; lastKnownFileType = image.jpeg; path = kids2.jpg; sourceTree = "<group>"; };
		84B6D7801C39B9D400ECFE0B /* kids3.jpg */ = {isa = PBXFileReference; lastKnownFileType = image.jpeg; path = kids3.jpg; sourceTree = "<group>"; };
		84B6D7811C39B9D400ECFE0B /* kids4.jpg */ = {isa = PBXFileReference; lastKnownFileType = image.jpeg; path = kids4.jpg; sourceTree = "<group>"; };
		84B6D7821C39B9D400ECFE0B /* kids5.jpg */ = {isa = PBXFileReference; lastKnownFileType = image.jpeg; path = kids5.jpg; sourceTree = "<group>"; };
		84B6D7831C39B9D400ECFE0B /* kids6.jpg */ = {isa = PBXFileReference; lastKnownFileType = image.jpeg; path = kids6.jpg; sourceTree = "<group>"; };
		84B6D7841C39B9D400ECFE0B /* kids7.jpg */ = {isa = PBXFileReference; lastKnownFileType = image.jpeg; path = kids7.jpg; sourceTree = "<group>"; };
		84B6D7851C39B9D400ECFE0B /* kids8.jpg */ = {isa = PBXFileReference; lastKnownFileType = image.jpeg; path = kids8.jpg; sourceTree = "<group>"; };
		84B6D7861C39B9D400ECFE0B /* kids9.jpg */ = {isa = PBXFileReference; lastKnownFileType = image.jpeg; path = kids9.jpg; sourceTree = "<group>"; };
		84B6D7871C39B9D400ECFE0B /* kids10.jpg */ = {isa = PBXFileReference; lastKnownFileType = image.jpeg; path = kids10.jpg; sourceTree = "<group>"; };
		84B6D7881C39B9D400ECFE0B /* kids11.jpg */ = {isa = PBXFileReference; lastKnownFileType = image.jpeg; path = kids11.jpg; sourceTree = "<group>"; };
		84B6D7941C39BC9000ECFE0B /* sale.jpg */ = {isa = PBXFileReference; lastKnownFileType = image.jpeg; path = sale.jpg; sourceTree = "<group>"; };
		84B6D7961C39C3B600ECFE0B /* CatalogDetailsView.swift */ = {isa = PBXFileReference; fileEncoding = 4; lastKnownFileType = sourcecode.swift; path = CatalogDetailsView.swift; sourceTree = "<group>"; };
		84B6D7981C39E18E00ECFE0B /* toddler1.jpg */ = {isa = PBXFileReference; lastKnownFileType = image.jpeg; path = toddler1.jpg; sourceTree = "<group>"; };
		84B6D7991C39E18E00ECFE0B /* toddler2.jpg */ = {isa = PBXFileReference; lastKnownFileType = image.jpeg; path = toddler2.jpg; sourceTree = "<group>"; };
		84B6D79A1C39E18E00ECFE0B /* toddler3.jpg */ = {isa = PBXFileReference; lastKnownFileType = image.jpeg; path = toddler3.jpg; sourceTree = "<group>"; };
		84B6D79B1C39E18E00ECFE0B /* toddler4.jpg */ = {isa = PBXFileReference; lastKnownFileType = image.jpeg; path = toddler4.jpg; sourceTree = "<group>"; };
		84B6D79C1C39E18E00ECFE0B /* toddler5.jpg */ = {isa = PBXFileReference; lastKnownFileType = image.jpeg; path = toddler5.jpg; sourceTree = "<group>"; };
		84B6D79D1C39E18E00ECFE0B /* toddler6.jpg */ = {isa = PBXFileReference; lastKnownFileType = image.jpeg; path = toddler6.jpg; sourceTree = "<group>"; };
		84B6D79E1C39E18E00ECFE0B /* toddler7.jpg */ = {isa = PBXFileReference; lastKnownFileType = image.jpeg; path = toddler7.jpg; sourceTree = "<group>"; };
		84B6D79F1C39E18E00ECFE0B /* toddler8.jpg */ = {isa = PBXFileReference; lastKnownFileType = image.jpeg; path = toddler8.jpg; sourceTree = "<group>"; };
		84B6D7A01C39E18E00ECFE0B /* toddler9.jpg */ = {isa = PBXFileReference; lastKnownFileType = image.jpeg; path = toddler9.jpg; sourceTree = "<group>"; };
		84B6D7A11C39E18E00ECFE0B /* toddler10.jpg */ = {isa = PBXFileReference; lastKnownFileType = image.jpeg; path = toddler10.jpg; sourceTree = "<group>"; };
		84B6D7A21C39E18E00ECFE0B /* toddler11.jpg */ = {isa = PBXFileReference; lastKnownFileType = image.jpeg; path = toddler11.jpg; sourceTree = "<group>"; };
		84B6D7C41C3A234F00ECFE0B /* Jacket1.jpg */ = {isa = PBXFileReference; lastKnownFileType = image.jpeg; path = Jacket1.jpg; sourceTree = "<group>"; };
		84B6D7C51C3A234F00ECFE0B /* Jacket2.jpg */ = {isa = PBXFileReference; lastKnownFileType = image.jpeg; path = Jacket2.jpg; sourceTree = "<group>"; };
		84B6D7C61C3A234F00ECFE0B /* Jacket3.jpg */ = {isa = PBXFileReference; lastKnownFileType = image.jpeg; path = Jacket3.jpg; sourceTree = "<group>"; };
		84B6D7C71C3A234F00ECFE0B /* Jacket4.jpg */ = {isa = PBXFileReference; lastKnownFileType = image.jpeg; path = Jacket4.jpg; sourceTree = "<group>"; };
		84B6D7C81C3A234F00ECFE0B /* Jacket5.jpg */ = {isa = PBXFileReference; lastKnownFileType = image.jpeg; path = Jacket5.jpg; sourceTree = "<group>"; };
		84B6D7C91C3A234F00ECFE0B /* Jacket6.jpg */ = {isa = PBXFileReference; lastKnownFileType = image.jpeg; path = Jacket6.jpg; sourceTree = "<group>"; };
		84B6D7CA1C3A234F00ECFE0B /* Jacket7.jpg */ = {isa = PBXFileReference; lastKnownFileType = image.jpeg; path = Jacket7.jpg; sourceTree = "<group>"; };
		84B6D7CB1C3A234F00ECFE0B /* Jacket8.jpg */ = {isa = PBXFileReference; lastKnownFileType = image.jpeg; path = Jacket8.jpg; sourceTree = "<group>"; };
		84B6D7CC1C3A234F00ECFE0B /* Jacket9.jpg */ = {isa = PBXFileReference; lastKnownFileType = image.jpeg; path = Jacket9.jpg; sourceTree = "<group>"; };
		84B6D7CD1C3A234F00ECFE0B /* Jacket10.jpg */ = {isa = PBXFileReference; lastKnownFileType = image.jpeg; path = Jacket10.jpg; sourceTree = "<group>"; };
		84B6D7CE1C3A234F00ECFE0B /* Jacket11.jpg */ = {isa = PBXFileReference; lastKnownFileType = image.jpeg; path = Jacket11.jpg; sourceTree = "<group>"; };
		84B6D7DA1C3CD24100ECFE0B /* ItemDetailsView.swift */ = {isa = PBXFileReference; fileEncoding = 4; lastKnownFileType = sourcecode.swift; path = ItemDetailsView.swift; sourceTree = "<group>"; };
		84FF89581BFFDE7900FB70D8 /* dress0.jpg */ = {isa = PBXFileReference; lastKnownFileType = image.jpeg; path = dress0.jpg; sourceTree = "<group>"; };
		84FF895A1BFFDF9900FB70D8 /* dress1.jpg */ = {isa = PBXFileReference; lastKnownFileType = image.jpeg; path = dress1.jpg; sourceTree = "<group>"; };
		84FF895B1BFFDF9900FB70D8 /* dress2.jpg */ = {isa = PBXFileReference; lastKnownFileType = image.jpeg; path = dress2.jpg; sourceTree = "<group>"; };
		84FF895E1BFFDFB400FB70D8 /* dress3.jpg */ = {isa = PBXFileReference; lastKnownFileType = image.jpeg; path = dress3.jpg; sourceTree = "<group>"; };
		84FF895F1BFFDFB400FB70D8 /* dress4.jpg */ = {isa = PBXFileReference; lastKnownFileType = image.jpeg; path = dress4.jpg; sourceTree = "<group>"; };
		84FF89601BFFDFB400FB70D8 /* dress5.jpg */ = {isa = PBXFileReference; lastKnownFileType = image.jpeg; path = dress5.jpg; sourceTree = "<group>"; };
		84FF89611BFFDFB400FB70D8 /* dress6.jpg */ = {isa = PBXFileReference; lastKnownFileType = image.jpeg; path = dress6.jpg; sourceTree = "<group>"; };
		84FF89621BFFDFB400FB70D8 /* dress7.jpg */ = {isa = PBXFileReference; lastKnownFileType = image.jpeg; path = dress7.jpg; sourceTree = "<group>"; };
		84FF89631BFFDFB400FB70D8 /* dress8.jpg */ = {isa = PBXFileReference; lastKnownFileType = image.jpeg; path = dress8.jpg; sourceTree = "<group>"; };
		84FF89641BFFDFB400FB70D8 /* dress9.jpg */ = {isa = PBXFileReference; lastKnownFileType = image.jpeg; path = dress9.jpg; sourceTree = "<group>"; };
		84FF89651BFFDFB400FB70D8 /* dress10.jpg */ = {isa = PBXFileReference; lastKnownFileType = image.jpeg; path = dress10.jpg; sourceTree = "<group>"; };
		84FF89661BFFDFB400FB70D8 /* dress11.jpg */ = {isa = PBXFileReference; lastKnownFileType = image.jpeg; path = dress11.jpg; sourceTree = "<group>"; };
		84FF89671BFFDFB400FB70D8 /* dress12.jpg */ = {isa = PBXFileReference; lastKnownFileType = image.jpeg; path = dress12.jpg; sourceTree = "<group>"; };
		84FF89681BFFDFB400FB70D8 /* dress13.jpg */ = {isa = PBXFileReference; lastKnownFileType = image.jpeg; path = dress13.jpg; sourceTree = "<group>"; };
		84FF89691BFFDFB400FB70D8 /* dress14.jpg */ = {isa = PBXFileReference; lastKnownFileType = image.jpeg; path = dress14.jpg; sourceTree = "<group>"; };
		84FF896A1BFFDFB400FB70D8 /* dress15.jpg */ = {isa = PBXFileReference; lastKnownFileType = image.jpeg; path = dress15.jpg; sourceTree = "<group>"; };
		84FF896B1BFFDFB400FB70D8 /* dress16.jpg */ = {isa = PBXFileReference; lastKnownFileType = image.jpeg; path = dress16.jpg; sourceTree = "<group>"; };
		84FF896C1BFFDFB400FB70D8 /* dress17.jpg */ = {isa = PBXFileReference; lastKnownFileType = image.jpeg; path = dress17.jpg; sourceTree = "<group>"; };
		84FF896D1BFFDFB400FB70D8 /* dress18.jpg */ = {isa = PBXFileReference; lastKnownFileType = image.jpeg; path = dress18.jpg; sourceTree = "<group>"; };
		84FF896E1BFFDFB400FB70D8 /* dress19.jpg */ = {isa = PBXFileReference; lastKnownFileType = image.jpeg; path = dress19.jpg; sourceTree = "<group>"; };
		84FF896F1BFFDFB400FB70D8 /* dress20.jpg */ = {isa = PBXFileReference; lastKnownFileType = image.jpeg; path = dress20.jpg; sourceTree = "<group>"; };
		84FF89701BFFDFB400FB70D8 /* dress21.jpg */ = {isa = PBXFileReference; lastKnownFileType = image.jpeg; path = dress21.jpg; sourceTree = "<group>"; };
		84FF89711BFFDFB400FB70D8 /* dress22.jpg */ = {isa = PBXFileReference; lastKnownFileType = image.jpeg; path = dress22.jpg; sourceTree = "<group>"; };
		84FF89721BFFDFB400FB70D8 /* dress23.jpg */ = {isa = PBXFileReference; lastKnownFileType = image.jpeg; path = dress23.jpg; sourceTree = "<group>"; };
		84FF89731BFFDFB400FB70D8 /* dress24.jpg */ = {isa = PBXFileReference; lastKnownFileType = image.jpeg; path = dress24.jpg; sourceTree = "<group>"; };
		84FF89741BFFDFB400FB70D8 /* dress25.jpg */ = {isa = PBXFileReference; lastKnownFileType = image.jpeg; path = dress25.jpg; sourceTree = "<group>"; };
		84FF89751BFFDFB400FB70D8 /* dress26.jpg */ = {isa = PBXFileReference; lastKnownFileType = image.jpeg; path = dress26.jpg; sourceTree = "<group>"; };
		84FF89761BFFDFB400FB70D8 /* dress27.jpg */ = {isa = PBXFileReference; lastKnownFileType = image.jpeg; path = dress27.jpg; sourceTree = "<group>"; };
		84FF89771BFFDFB400FB70D8 /* dress28.jpg */ = {isa = PBXFileReference; lastKnownFileType = image.jpeg; path = dress28.jpg; sourceTree = "<group>"; };
		84FF89781BFFDFB400FB70D8 /* dress29.jpg */ = {isa = PBXFileReference; lastKnownFileType = image.jpeg; path = dress29.jpg; sourceTree = "<group>"; };
		84FF89791BFFDFB400FB70D8 /* dress30.jpg */ = {isa = PBXFileReference; lastKnownFileType = image.jpeg; path = dress30.jpg; sourceTree = "<group>"; };
		84FF89961BFFEADC00FB70D8 /* like.gif */ = {isa = PBXFileReference; lastKnownFileType = image.gif; path = like.gif; sourceTree = "<group>"; };
		84FF89981BFFED1300FB70D8 /* dislike.png */ = {isa = PBXFileReference; lastKnownFileType = image.png; path = dislike.png; sourceTree = "<group>"; };
		A26EF5A70E7D815149E43F11 /* Pods-TVShop.release.xcconfig */ = {isa = PBXFileReference; includeInIndex = 1; lastKnownFileType = text.xcconfig; name = "Pods-TVShop.release.xcconfig"; path = "Pods/Target Support Files/Pods-TVShop/Pods-TVShop.release.xcconfig"; sourceTree = "<group>"; };
		E3AF676246CE887C195EFDC8 /* Pods_TVShop.framework */ = {isa = PBXFileReference; explicitFileType = wrapper.framework; includeInIndex = 0; path = Pods_TVShop.framework; sourceTree = BUILT_PRODUCTS_DIR; };
/* End PBXFileReference section */

/* Begin PBXFrameworksBuildPhase section */
		8423CB931BFDA3F900AB5E1E /* Frameworks */ = {
			isa = PBXFrameworksBuildPhase;
			buildActionMask = 2147483647;
			files = (
				6697698999FAA4411FE4D5A1 /* Pods_TVShop.framework in Frameworks */,
			);
			runOnlyForDeploymentPostprocessing = 0;
		};
/* End PBXFrameworksBuildPhase section */

/* Begin PBXGroup section */
		374253380211747776AE678B /* Pods */ = {
			isa = PBXGroup;
			children = (
				756EBA0A25A2BB50600E02B4 /* Pods-TVShop.debug.xcconfig */,
				A26EF5A70E7D815149E43F11 /* Pods-TVShop.release.xcconfig */,
			);
			name = Pods;
			sourceTree = "<group>";
		};
		8423CB8D1BFDA3F900AB5E1E = {
			isa = PBXGroup;
			children = (
				8423CB981BFDA3F900AB5E1E /* TVShop */,
				8423CB971BFDA3F900AB5E1E /* Products */,
				374253380211747776AE678B /* Pods */,
				8A2B93DD4316A128CAD74C1D /* Frameworks */,
			);
			sourceTree = "<group>";
		};
		8423CB971BFDA3F900AB5E1E /* Products */ = {
			isa = PBXGroup;
			children = (
				8423CB961BFDA3F900AB5E1E /* TVShop.app */,
			);
			name = Products;
			sourceTree = "<group>";
		};
		8423CB981BFDA3F900AB5E1E /* TVShop */ = {
			isa = PBXGroup;
			children = (
				84AF4F1E1C54145B00617BFF /* AmazonData.swift */,
				84AF4F251C541FCC00617BFF /* AmazonViewController.swift */,
				84AF4F271C54B4BF00617BFF /* WomenAmazonView.swift */,
				84B6D7521C35C8F300ECFE0B /* MenViewController.swift */,
				84AF4F211C5416ED00617BFF /* HMACAlgorithm.swift */,
				8423CB991BFDA3F900AB5E1E /* AppDelegate.swift */,
				8423CB9B1BFDA3F900AB5E1E /* ViewController.swift */,
				84B6D7DA1C3CD24100ECFE0B /* ItemDetailsView.swift */,
				8423CB9D1BFDA3F900AB5E1E /* Main.storyboard */,
				84B6D7621C38794C00ECFE0B /* CatalogCell.swift */,
				84B6D75C1C3625DB00ECFE0B /* FocusView.swift */,
				84B6D7541C35CF6E00ECFE0B /* KidsViewController.swift */,
				84B6D7501C35C86F00ECFE0B /* WomenViewController.swift */,
				84B6D7641C38A54B00ECFE0B /* Item.swift */,
				84B6D7961C39C3B600ECFE0B /* CatalogDetailsView.swift */,
				84B6D7321C337EE200ECFE0B /* images */,
				8423CBA01BFDA3F900AB5E1E /* Assets.xcassets */,
				8423CBA21BFDA3F900AB5E1E /* Info.plist */,
				84AF4F201C54149D00617BFF /* Amazon-Bridging-Header.h */,
			);
			path = TVShop;
			sourceTree = "<group>";
		};
		84B6D7321C337EE200ECFE0B /* images */ = {
			isa = PBXGroup;
			children = (
				84AF4F231C541EDA00617BFF /* amazon_logo.jpg */,
				84FF89961BFFEADC00FB70D8 /* like.gif */,
				84B6D77E1C39B9D400ECFE0B /* kids1.jpg */,
				84B6D77F1C39B9D400ECFE0B /* kids2.jpg */,
				84B6D7801C39B9D400ECFE0B /* kids3.jpg */,
				84B6D7811C39B9D400ECFE0B /* kids4.jpg */,
				84B6D7821C39B9D400ECFE0B /* kids5.jpg */,
				84B6D7831C39B9D400ECFE0B /* kids6.jpg */,
				84B6D7981C39E18E00ECFE0B /* toddler1.jpg */,
				84B6D7991C39E18E00ECFE0B /* toddler2.jpg */,
				84B6D79A1C39E18E00ECFE0B /* toddler3.jpg */,
				84B6D7C41C3A234F00ECFE0B /* Jacket1.jpg */,
				84B6D7C51C3A234F00ECFE0B /* Jacket2.jpg */,
				84B6D7C61C3A234F00ECFE0B /* Jacket3.jpg */,
				84B6D7C71C3A234F00ECFE0B /* Jacket4.jpg */,
				84B6D7C81C3A234F00ECFE0B /* Jacket5.jpg */,
				84B6D7C91C3A234F00ECFE0B /* Jacket6.jpg */,
				84B6D7CA1C3A234F00ECFE0B /* Jacket7.jpg */,
				84B6D7CB1C3A234F00ECFE0B /* Jacket8.jpg */,
				84B6D7CC1C3A234F00ECFE0B /* Jacket9.jpg */,
				84B6D7CD1C3A234F00ECFE0B /* Jacket10.jpg */,
				84B6D7CE1C3A234F00ECFE0B /* Jacket11.jpg */,
				84B6D79B1C39E18E00ECFE0B /* toddler4.jpg */,
				84B6D79C1C39E18E00ECFE0B /* toddler5.jpg */,
				84B6D79D1C39E18E00ECFE0B /* toddler6.jpg */,
				84B6D79E1C39E18E00ECFE0B /* toddler7.jpg */,
				84B6D79F1C39E18E00ECFE0B /* toddler8.jpg */,
				84B6D7A01C39E18E00ECFE0B /* toddler9.jpg */,
				84B6D7A11C39E18E00ECFE0B /* toddler10.jpg */,
				84B6D7A21C39E18E00ECFE0B /* toddler11.jpg */,
				84B6D7841C39B9D400ECFE0B /* kids7.jpg */,
				84B6D7851C39B9D400ECFE0B /* kids8.jpg */,
				84B6D7861C39B9D400ECFE0B /* kids9.jpg */,
				84B6D7871C39B9D400ECFE0B /* kids10.jpg */,
				84B6D7941C39BC9000ECFE0B /* sale.jpg */,
				84B6D7881C39B9D400ECFE0B /* kids11.jpg */,
				84FF89981BFFED1300FB70D8 /* dislike.png */,
				84FF89581BFFDE7900FB70D8 /* dress0.jpg */,
				84B6D7601C366BEB00ECFE0B /* Skirt.jpg */,
				84FF895A1BFFDF9900FB70D8 /* dress1.jpg */,
				84FF895B1BFFDF9900FB70D8 /* dress2.jpg */,
				84FF895E1BFFDFB400FB70D8 /* dress3.jpg */,
				84FF895F1BFFDFB400FB70D8 /* dress4.jpg */,
				84FF89601BFFDFB400FB70D8 /* dress5.jpg */,
				84B6D75E1C365C6D00ECFE0B /* Shoes.jpg */,
				84FF89611BFFDFB400FB70D8 /* dress6.jpg */,
				84FF89621BFFDFB400FB70D8 /* dress7.jpg */,
				84FF89631BFFDFB400FB70D8 /* dress8.jpg */,
				84FF89641BFFDFB400FB70D8 /* dress9.jpg */,
				84B6D7661C39184E00ECFE0B /* men1.jpg */,
				84B6D7671C39184E00ECFE0B /* men2.jpg */,
				84B6D7681C39184E00ECFE0B /* men3.jpg */,
				84B6D7691C39184E00ECFE0B /* men4.jpg */,
				84B6D76A1C39184E00ECFE0B /* men5.jpg */,
				84B6D76B1C39184E00ECFE0B /* men6.jpg */,
				84B6D76C1C39184E00ECFE0B /* men7.jpg */,
				84B6D76D1C39184E00ECFE0B /* men8.jpg */,
				84B6D76E1C39184E00ECFE0B /* men9.jpg */,
				84B6D7701C39184E00ECFE0B /* men11.jpg */,
				84B6D77C1C391A8C00ECFE0B /* men10.jpg */,
				84FF89651BFFDFB400FB70D8 /* dress10.jpg */,
				84FF89661BFFDFB400FB70D8 /* dress11.jpg */,
				84FF89671BFFDFB400FB70D8 /* dress12.jpg */,
				84FF89681BFFDFB400FB70D8 /* dress13.jpg */,
				84FF89691BFFDFB400FB70D8 /* dress14.jpg */,
				84FF896A1BFFDFB400FB70D8 /* dress15.jpg */,
				84FF896B1BFFDFB400FB70D8 /* dress16.jpg */,
				84FF896C1BFFDFB400FB70D8 /* dress17.jpg */,
				84FF896D1BFFDFB400FB70D8 /* dress18.jpg */,
				84FF896E1BFFDFB400FB70D8 /* dress19.jpg */,
				84FF896F1BFFDFB400FB70D8 /* dress20.jpg */,
				84FF89701BFFDFB400FB70D8 /* dress21.jpg */,
				84FF89711BFFDFB400FB70D8 /* dress22.jpg */,
				84FF89721BFFDFB400FB70D8 /* dress23.jpg */,
				84FF89731BFFDFB400FB70D8 /* dress24.jpg */,
				84FF89741BFFDFB400FB70D8 /* dress25.jpg */,
				84FF89751BFFDFB400FB70D8 /* dress26.jpg */,
				84FF89761BFFDFB400FB70D8 /* dress27.jpg */,
				84FF89771BFFDFB400FB70D8 /* dress28.jpg */,
				84B6D7581C35D55300ECFE0B /* Men.jpg */,
				84FF89781BFFDFB400FB70D8 /* dress29.jpg */,
				8423CBA81BFDAC7A00AB5E1E /* IMG1.jpg */,
				8423CBA91BFDAC7A00AB5E1E /* IMG2.jpg */,
				84FF89791BFFDFB400FB70D8 /* dress30.jpg */,
			);
			name = images;
			sourceTree = "<group>";
		};
		8A2B93DD4316A128CAD74C1D /* Frameworks */ = {
			isa = PBXGroup;
			children = (
				E3AF676246CE887C195EFDC8 /* Pods_TVShop.framework */,
			);
			name = Frameworks;
			sourceTree = "<group>";
		};
/* End PBXGroup section */

/* Begin PBXNativeTarget section */
		8423CB951BFDA3F900AB5E1E /* TVShop */ = {
			isa = PBXNativeTarget;
			buildConfigurationList = 8423CBA51BFDA3F900AB5E1E /* Build configuration list for PBXNativeTarget "TVShop" */;
			buildPhases = (
				BC599EBC37C5A87DBBA22AAF /* Check Pods Manifest.lock */,
				8423CB921BFDA3F900AB5E1E /* Sources */,
				8423CB931BFDA3F900AB5E1E /* Frameworks */,
				8423CB941BFDA3F900AB5E1E /* Resources */,
				1494E5CB6AF135677D1FA3B2 /* Embed Pods Frameworks */,
				105A14995FA966AB1E11C9BD /* Copy Pods Resources */,
			);
			buildRules = (
			);
			dependencies = (
			);
			name = TVShop;
			productName = TVShop;
			productReference = 8423CB961BFDA3F900AB5E1E /* TVShop.app */;
			productType = "com.apple.product-type.application";
		};
/* End PBXNativeTarget section */

/* Begin PBXProject section */
		8423CB8E1BFDA3F900AB5E1E /* Project object */ = {
			isa = PBXProject;
			attributes = {
				LastSwiftUpdateCheck = 0710;
				LastUpgradeCheck = 0710;
				ORGANIZATIONNAME = CodeWithFelix;
				TargetAttributes = {
					8423CB951BFDA3F900AB5E1E = {
						CreatedOnToolsVersion = 7.1.1;
						DevelopmentTeam = SSASSJL7V9;
					};
				};
			};
			buildConfigurationList = 8423CB911BFDA3F900AB5E1E /* Build configuration list for PBXProject "TVShop" */;
			compatibilityVersion = "Xcode 3.2";
			developmentRegion = English;
			hasScannedForEncodings = 0;
			knownRegions = (
				en,
				Base,
			);
			mainGroup = 8423CB8D1BFDA3F900AB5E1E;
			productRefGroup = 8423CB971BFDA3F900AB5E1E /* Products */;
			projectDirPath = "";
			projectRoot = "";
			targets = (
				8423CB951BFDA3F900AB5E1E /* TVShop */,
			);
		};
/* End PBXProject section */

/* Begin PBXResourcesBuildPhase section */
		8423CB941BFDA3F900AB5E1E /* Resources */ = {
			isa = PBXResourcesBuildPhase;
			buildActionMask = 2147483647;
			files = (
				84FF897D1BFFDFB400FB70D8 /* dress6.jpg in Resources */,
				84FF89931BFFDFB400FB70D8 /* dress28.jpg in Resources */,
				84B6D7D41C3A234F00ECFE0B /* Jacket6.jpg in Resources */,
				84FF898F1BFFDFB400FB70D8 /* dress24.jpg in Resources */,
				84FF89991BFFED1300FB70D8 /* dislike.png in Resources */,
				84FF897F1BFFDFB400FB70D8 /* dress8.jpg in Resources */,
				84FF897E1BFFDFB400FB70D8 /* dress7.jpg in Resources */,
				84B6D7591C35D55300ECFE0B /* Men.jpg in Resources */,
				84B6D7CF1C3A234F00ECFE0B /* Jacket1.jpg in Resources */,
				84B6D78D1C39B9D400ECFE0B /* kids5.jpg in Resources */,
				84FF89811BFFDFB400FB70D8 /* dress10.jpg in Resources */,
				84FF89901BFFDFB400FB70D8 /* dress25.jpg in Resources */,
				84B6D7D61C3A234F00ECFE0B /* Jacket8.jpg in Resources */,
				84FF895C1BFFDF9900FB70D8 /* dress1.jpg in Resources */,
				84FF897A1BFFDFB400FB70D8 /* dress3.jpg in Resources */,
				84B6D7781C39184E00ECFE0B /* men8.jpg in Resources */,
				84FF89941BFFDFB400FB70D8 /* dress29.jpg in Resources */,
				84B6D7D11C3A234F00ECFE0B /* Jacket3.jpg in Resources */,
				84FF89891BFFDFB400FB70D8 /* dress18.jpg in Resources */,
				84B6D7721C39184E00ECFE0B /* men2.jpg in Resources */,
				84AF4F241C541EDA00617BFF /* amazon_logo.jpg in Resources */,
				84FF89911BFFDFB400FB70D8 /* dress26.jpg in Resources */,
				84FF89851BFFDFB400FB70D8 /* dress14.jpg in Resources */,
				84FF89821BFFDFB400FB70D8 /* dress11.jpg in Resources */,
				8423CBAA1BFDAC7A00AB5E1E /* IMG1.jpg in Resources */,
				84B6D7A91C39E18E00ECFE0B /* toddler7.jpg in Resources */,
				8423CBA11BFDA3F900AB5E1E /* Assets.xcassets in Resources */,
				84FF898C1BFFDFB400FB70D8 /* dress21.jpg in Resources */,
				84B6D7951C39BC9000ECFE0B /* sale.jpg in Resources */,
				84B6D7A61C39E18E00ECFE0B /* toddler4.jpg in Resources */,
				84B6D7611C366BEB00ECFE0B /* Skirt.jpg in Resources */,
				84B6D7D71C3A234F00ECFE0B /* Jacket9.jpg in Resources */,
				84B6D78C1C39B9D400ECFE0B /* kids4.jpg in Resources */,
				84B6D7A41C39E18E00ECFE0B /* toddler2.jpg in Resources */,
				84B6D7AD1C39E18E00ECFE0B /* toddler11.jpg in Resources */,
				84B6D78F1C39B9D400ECFE0B /* kids7.jpg in Resources */,
				84B6D7A81C39E18E00ECFE0B /* toddler6.jpg in Resources */,
				84B6D7A31C39E18E00ECFE0B /* toddler1.jpg in Resources */,
				84B6D7751C39184E00ECFE0B /* men5.jpg in Resources */,
				84B6D7A71C39E18E00ECFE0B /* toddler5.jpg in Resources */,
				84FF89591BFFDE7900FB70D8 /* dress0.jpg in Resources */,
				84B6D77D1C391A8C00ECFE0B /* men10.jpg in Resources */,
				84FF89831BFFDFB400FB70D8 /* dress12.jpg in Resources */,
				84B6D7911C39B9D400ECFE0B /* kids9.jpg in Resources */,
				84FF89921BFFDFB400FB70D8 /* dress27.jpg in Resources */,
				84FF898B1BFFDFB400FB70D8 /* dress20.jpg in Resources */,
				84FF895D1BFFDF9900FB70D8 /* dress2.jpg in Resources */,
				84B6D7D01C3A234F00ECFE0B /* Jacket2.jpg in Resources */,
				84FF89971BFFEADC00FB70D8 /* like.gif in Resources */,
				84B6D7931C39B9D400ECFE0B /* kids11.jpg in Resources */,
				84B6D77B1C39184E00ECFE0B /* men11.jpg in Resources */,
				84B6D75F1C365C6D00ECFE0B /* Shoes.jpg in Resources */,
				84B6D7921C39B9D400ECFE0B /* kids10.jpg in Resources */,
				84FF897B1BFFDFB400FB70D8 /* dress4.jpg in Resources */,
				84B6D7731C39184E00ECFE0B /* men3.jpg in Resources */,
				84B6D7741C39184E00ECFE0B /* men4.jpg in Resources */,
				84FF89801BFFDFB400FB70D8 /* dress9.jpg in Resources */,
				84B6D78E1C39B9D400ECFE0B /* kids6.jpg in Resources */,
				84B6D7AC1C39E18E00ECFE0B /* toddler10.jpg in Resources */,
				84B6D7A51C39E18E00ECFE0B /* toddler3.jpg in Resources */,
				84FF89861BFFDFB400FB70D8 /* dress15.jpg in Resources */,
				84B6D7D51C3A234F00ECFE0B /* Jacket7.jpg in Resources */,
				84B6D7791C39184E00ECFE0B /* men9.jpg in Resources */,
				84B6D7901C39B9D400ECFE0B /* kids8.jpg in Resources */,
				84FF898A1BFFDFB400FB70D8 /* dress19.jpg in Resources */,
				84B6D7D91C3A234F00ECFE0B /* Jacket11.jpg in Resources */,
				84B6D7AA1C39E18E00ECFE0B /* toddler8.jpg in Resources */,
				84FF89951BFFDFB400FB70D8 /* dress30.jpg in Resources */,
				84FF897C1BFFDFB400FB70D8 /* dress5.jpg in Resources */,
				84B6D7AB1C39E18E00ECFE0B /* toddler9.jpg in Resources */,
				8423CBAB1BFDAC7A00AB5E1E /* IMG2.jpg in Resources */,
				84FF898E1BFFDFB400FB70D8 /* dress23.jpg in Resources */,
				84FF89841BFFDFB400FB70D8 /* dress13.jpg in Resources */,
				84FF89881BFFDFB400FB70D8 /* dress17.jpg in Resources */,
				8423CB9F1BFDA3F900AB5E1E /* Main.storyboard in Resources */,
				84B6D7761C39184E00ECFE0B /* men6.jpg in Resources */,
				84B6D7D81C3A234F00ECFE0B /* Jacket10.jpg in Resources */,
				84B6D78B1C39B9D400ECFE0B /* kids3.jpg in Resources */,
				84FF89871BFFDFB400FB70D8 /* dress16.jpg in Resources */,
				84B6D78A1C39B9D400ECFE0B /* kids2.jpg in Resources */,
				84B6D7D31C3A234F00ECFE0B /* Jacket5.jpg in Resources */,
				84B6D7711C39184E00ECFE0B /* men1.jpg in Resources */,
				84B6D7771C39184E00ECFE0B /* men7.jpg in Resources */,
				84FF898D1BFFDFB400FB70D8 /* dress22.jpg in Resources */,
				84B6D7D21C3A234F00ECFE0B /* Jacket4.jpg in Resources */,
				84B6D7891C39B9D400ECFE0B /* kids1.jpg in Resources */,
			);
			runOnlyForDeploymentPostprocessing = 0;
		};
/* End PBXResourcesBuildPhase section */

/* Begin PBXShellScriptBuildPhase section */
		105A14995FA966AB1E11C9BD /* Copy Pods Resources */ = {
			isa = PBXShellScriptBuildPhase;
			buildActionMask = 2147483647;
			files = (
			);
			inputPaths = (
			);
			name = "Copy Pods Resources";
			outputPaths = (
			);
			runOnlyForDeploymentPostprocessing = 0;
			shellPath = /bin/sh;
			shellScript = "\"${SRCROOT}/Pods/Target Support Files/Pods-TVShop/Pods-TVShop-resources.sh\"\n";
			showEnvVarsInLog = 0;
		};
		1494E5CB6AF135677D1FA3B2 /* Embed Pods Frameworks */ = {
			isa = PBXShellScriptBuildPhase;
			buildActionMask = 2147483647;
			files = (
			);
			inputPaths = (
			);
			name = "Embed Pods Frameworks";
			outputPaths = (
			);
			runOnlyForDeploymentPostprocessing = 0;
			shellPath = /bin/sh;
			shellScript = "\"${SRCROOT}/Pods/Target Support Files/Pods-TVShop/Pods-TVShop-frameworks.sh\"\n";
			showEnvVarsInLog = 0;
		};
		BC599EBC37C5A87DBBA22AAF /* Check Pods Manifest.lock */ = {
			isa = PBXShellScriptBuildPhase;
			buildActionMask = 2147483647;
			files = (
			);
			inputPaths = (
			);
			name = "Check Pods Manifest.lock";
			outputPaths = (
			);
			runOnlyForDeploymentPostprocessing = 0;
			shellPath = /bin/sh;
			shellScript = "diff \"${PODS_ROOT}/../Podfile.lock\" \"${PODS_ROOT}/Manifest.lock\" > /dev/null\nif [[ $? != 0 ]] ; then\n    cat << EOM\nerror: The sandbox is not in sync with the Podfile.lock. Run 'pod install' or update your CocoaPods installation.\nEOM\n    exit 1\nfi\n";
			showEnvVarsInLog = 0;
		};
/* End PBXShellScriptBuildPhase section */

/* Begin PBXSourcesBuildPhase section */
		8423CB921BFDA3F900AB5E1E /* Sources */ = {
			isa = PBXSourcesBuildPhase;
			buildActionMask = 2147483647;
			files = (
				84B6D7971C39C3B600ECFE0B /* CatalogDetailsView.swift in Sources */,
				84AF4F261C541FCC00617BFF /* AmazonViewController.swift in Sources */,
				84B6D7511C35C86F00ECFE0B /* WomenViewController.swift in Sources */,
				84B6D7551C35CF6E00ECFE0B /* KidsViewController.swift in Sources */,
				84B6D7631C38794C00ECFE0B /* CatalogCell.swift in Sources */,
				84B6D7531C35C8F300ECFE0B /* MenViewController.swift in Sources */,
				84B6D7651C38A54B00ECFE0B /* Item.swift in Sources */,
				84AF4F281C54B4BF00617BFF /* WomenAmazonView.swift in Sources */,
				8423CB9C1BFDA3F900AB5E1E /* ViewController.swift in Sources */,
				84AF4F1F1C54145B00617BFF /* AmazonData.swift in Sources */,
				8423CB9A1BFDA3F900AB5E1E /* AppDelegate.swift in Sources */,
				84B6D7DB1C3CD24100ECFE0B /* ItemDetailsView.swift in Sources */,
				84AF4F221C5416ED00617BFF /* HMACAlgorithm.swift in Sources */,
				84B6D75D1C3625DB00ECFE0B /* FocusView.swift in Sources */,
			);
			runOnlyForDeploymentPostprocessing = 0;
		};
/* End PBXSourcesBuildPhase section */

/* Begin PBXVariantGroup section */
		8423CB9D1BFDA3F900AB5E1E /* Main.storyboard */ = {
			isa = PBXVariantGroup;
			children = (
				8423CB9E1BFDA3F900AB5E1E /* Base */,
			);
			name = Main.storyboard;
			sourceTree = "<group>";
		};
/* End PBXVariantGroup section */

/* Begin XCBuildConfiguration section */
		8423CBA31BFDA3F900AB5E1E /* Debug */ = {
			isa = XCBuildConfiguration;
			buildSettings = {
				ALWAYS_SEARCH_USER_PATHS = NO;
				CLANG_CXX_LANGUAGE_STANDARD = "gnu++0x";
				CLANG_CXX_LIBRARY = "libc++";
				CLANG_ENABLE_MODULES = YES;
				CLANG_ENABLE_OBJC_ARC = YES;
				CLANG_WARN_BOOL_CONVERSION = YES;
				CLANG_WARN_CONSTANT_CONVERSION = YES;
				CLANG_WARN_DIRECT_OBJC_ISA_USAGE = YES_ERROR;
				CLANG_WARN_EMPTY_BODY = YES;
				CLANG_WARN_ENUM_CONVERSION = YES;
				CLANG_WARN_INT_CONVERSION = YES;
				CLANG_WARN_OBJC_ROOT_CLASS = YES_ERROR;
				CLANG_WARN_UNREACHABLE_CODE = YES;
				CLANG_WARN__DUPLICATE_METHOD_MATCH = YES;
				COPY_PHASE_STRIP = NO;
				DEBUG_INFORMATION_FORMAT = dwarf;
				ENABLE_STRICT_OBJC_MSGSEND = YES;
				ENABLE_TESTABILITY = YES;
				GCC_C_LANGUAGE_STANDARD = gnu99;
				GCC_DYNAMIC_NO_PIC = NO;
				GCC_NO_COMMON_BLOCKS = YES;
				GCC_OPTIMIZATION_LEVEL = 0;
				GCC_PREPROCESSOR_DEFINITIONS = (
					"DEBUG=1",
					"$(inherited)",
				);
				GCC_WARN_64_TO_32_BIT_CONVERSION = YES;
				GCC_WARN_ABOUT_RETURN_TYPE = YES_ERROR;
				GCC_WARN_UNDECLARED_SELECTOR = YES;
				GCC_WARN_UNINITIALIZED_AUTOS = YES_AGGRESSIVE;
				GCC_WARN_UNUSED_FUNCTION = YES;
				GCC_WARN_UNUSED_VARIABLE = YES;
				MTL_ENABLE_DEBUG_INFO = YES;
				ONLY_ACTIVE_ARCH = YES;
				SDKROOT = appletvos;
				SWIFT_OPTIMIZATION_LEVEL = "-Onone";
				TARGETED_DEVICE_FAMILY = 3;
				TVOS_DEPLOYMENT_TARGET = 9.0;
			};
			name = Debug;
		};
		8423CBA41BFDA3F900AB5E1E /* Release */ = {
			isa = XCBuildConfiguration;
			buildSettings = {
				ALWAYS_SEARCH_USER_PATHS = NO;
				CLANG_CXX_LANGUAGE_STANDARD = "gnu++0x";
				CLANG_CXX_LIBRARY = "libc++";
				CLANG_ENABLE_MODULES = YES;
				CLANG_ENABLE_OBJC_ARC = YES;
				CLANG_WARN_BOOL_CONVERSION = YES;
				CLANG_WARN_CONSTANT_CONVERSION = YES;
				CLANG_WARN_DIRECT_OBJC_ISA_USAGE = YES_ERROR;
				CLANG_WARN_EMPTY_BODY = YES;
				CLANG_WARN_ENUM_CONVERSION = YES;
				CLANG_WARN_INT_CONVERSION = YES;
				CLANG_WARN_OBJC_ROOT_CLASS = YES_ERROR;
				CLANG_WARN_UNREACHABLE_CODE = YES;
				CLANG_WARN__DUPLICATE_METHOD_MATCH = YES;
				COPY_PHASE_STRIP = NO;
				DEBUG_INFORMATION_FORMAT = "dwarf-with-dsym";
				ENABLE_NS_ASSERTIONS = NO;
				ENABLE_STRICT_OBJC_MSGSEND = YES;
				GCC_C_LANGUAGE_STANDARD = gnu99;
				GCC_NO_COMMON_BLOCKS = YES;
				GCC_WARN_64_TO_32_BIT_CONVERSION = YES;
				GCC_WARN_ABOUT_RETURN_TYPE = YES_ERROR;
				GCC_WARN_UNDECLARED_SELECTOR = YES;
				GCC_WARN_UNINITIALIZED_AUTOS = YES_AGGRESSIVE;
				GCC_WARN_UNUSED_FUNCTION = YES;
				GCC_WARN_UNUSED_VARIABLE = YES;
				MTL_ENABLE_DEBUG_INFO = NO;
				SDKROOT = appletvos;
				TARGETED_DEVICE_FAMILY = 3;
				TVOS_DEPLOYMENT_TARGET = 9.0;
				VALIDATE_PRODUCT = YES;
			};
			name = Release;
		};
		8423CBA61BFDA3F900AB5E1E /* Debug */ = {
			isa = XCBuildConfiguration;
			baseConfigurationReference = 756EBA0A25A2BB50600E02B4 /* Pods-TVShop.debug.xcconfig */;
			buildSettings = {
				ASSETCATALOG_COMPILER_APPICON_NAME = "App Icon & Top Shelf Image";
				ASSETCATALOG_COMPILER_LAUNCHIMAGE_NAME = LaunchImage;
				CODE_SIGN_IDENTITY = "iPhone Developer";
				"CODE_SIGN_IDENTITY[sdk=appletvos*]" = "iPhone Developer";
				INFOPLIST_FILE = TVShop/Info.plist;
				LD_RUNPATH_SEARCH_PATHS = "$(inherited) @executable_path/Frameworks";
				PRODUCT_BUNDLE_IDENTIFIER = com.codewithfelix.TVShop;
				PRODUCT_NAME = "$(TARGET_NAME)";
				PROVISIONING_PROFILE = "";
				SWIFT_OBJC_BRIDGING_HEADER = "TVShop/Amazon-Bridging-Header.h";
			};
			name = Debug;
		};
		8423CBA71BFDA3F900AB5E1E /* Release */ = {
			isa = XCBuildConfiguration;
			baseConfigurationReference = A26EF5A70E7D815149E43F11 /* Pods-TVShop.release.xcconfig */;
			buildSettings = {
				ASSETCATALOG_COMPILER_APPICON_NAME = "App Icon & Top Shelf Image";
				ASSETCATALOG_COMPILER_LAUNCHIMAGE_NAME = LaunchImage;
				CODE_SIGN_IDENTITY = "iPhone Developer";
				"CODE_SIGN_IDENTITY[sdk=appletvos*]" = "iPhone Developer";
				INFOPLIST_FILE = TVShop/Info.plist;
				LD_RUNPATH_SEARCH_PATHS = "$(inherited) @executable_path/Frameworks";
				PRODUCT_BUNDLE_IDENTIFIER = com.codewithfelix.TVShop;
				PRODUCT_NAME = "$(TARGET_NAME)";
				PROVISIONING_PROFILE = "";
				SWIFT_OBJC_BRIDGING_HEADER = "TVShop/Amazon-Bridging-Header.h";
			};
			name = Release;
		};
/* End XCBuildConfiguration section */

/* Begin XCConfigurationList section */
		8423CB911BFDA3F900AB5E1E /* Build configuration list for PBXProject "TVShop" */ = {
			isa = XCConfigurationList;
			buildConfigurations = (
				8423CBA31BFDA3F900AB5E1E /* Debug */,
				8423CBA41BFDA3F900AB5E1E /* Release */,
			);
			defaultConfigurationIsVisible = 0;
			defaultConfigurationName = Release;
		};
		8423CBA51BFDA3F900AB5E1E /* Build configuration list for PBXNativeTarget "TVShop" */ = {
			isa = XCConfigurationList;
			buildConfigurations = (
				8423CBA61BFDA3F900AB5E1E /* Debug */,
				8423CBA71BFDA3F900AB5E1E /* Release */,
			);
			defaultConfigurationIsVisible = 0;
			defaultConfigurationName = Release;
		};
/* End XCConfigurationList section */
	};
	rootObject = 8423CB8E1BFDA3F900AB5E1E /* Project object */;
}
